
Microsoft Visual Studio Solution File, Format Version 12.00
# Visual Studio Version 16
VisualStudioVersion = 16.0.29424.173
MinimumVisualStudioVersion = 10.0.40219.1
Project("{9A19103F-16F7-4668-BE54-9A1E7A4F7556}") = "BibitemParser", "BibitemParser\BibitemParser.csproj", "{CD1C7F49-F14B-441D-BE32-4A327E66074A}"
EndProject
Project("{FAE04EC0-301F-11D3-BF4B-00C04F79EFBC}") = "BibitemParser.UnitTests", "BibitemParser.UnitTests\BibitemParser.UnitTests.csproj", "{FD32BE25-D5BD-47FB-AFCC-A03BAE0183C9}"
EndProject
Global
	GlobalSection(SolutionConfigurationPlatforms) = preSolution
		Debug|Any CPU = Debug|Any CPU
		Release|Any CPU = Release|Any CPU
	EndGlobalSection
	GlobalSection(ProjectConfigurationPlatforms) = postSolution
		{CD1C7F49-F14B-441D-BE32-4A327E66074A}.Debug|Any CPU.ActiveCfg = Debug|Any CPU
		{CD1C7F49-F14B-441D-BE32-4A327E66074A}.Debug|Any CPU.Build.0 = Debug|Any CPU
		{CD1C7F49-F14B-441D-BE32-4A327E66074A}.Release|Any CPU.ActiveCfg = Release|Any CPU
		{CD1C7F49-F14B-441D-BE32-4A327E66074A}.Release|Any CPU.Build.0 = Release|Any CPU
		{FD32BE25-D5BD-47FB-AFCC-A03BAE0183C9}.Debug|Any CPU.ActiveCfg = Debug|Any CPU
		{FD32BE25-D5BD-47FB-AFCC-A03BAE0183C9}.Debug|Any CPU.Build.0 = Debug|Any CPU
		{FD32BE25-D5BD-47FB-AFCC-A03BAE0183C9}.Release|Any CPU.ActiveCfg = Release|Any CPU
		{FD32BE25-D5BD-47FB-AFCC-A03BAE0183C9}.Release|Any CPU.Build.0 = Release|Any CPU
	EndGlobalSection
	GlobalSection(SolutionProperties) = preSolution
		HideSolutionNode = FALSE
	EndGlobalSection
	GlobalSection(ExtensibilityGlobals) = postSolution
		SolutionGuid = {B6A56238-6F67-43E4-AE3D-327DB8ACEACD}
	EndGlobalSection
EndGlobal
